// !$*UTF8*$!
{
	archiveVersion = 1;
	classes = {
	};
	objectVersion = 50;
	objects = {

/* Begin PBXBuildFile section */
		DB290FA126CBFE6000874F84 /* AppDelegate.swift in Sources */ = {isa = PBXBuildFile; fileRef = DB290FA026CBFE6000874F84 /* AppDelegate.swift */; };
		DB290FA326CBFE6000874F84 /* SceneDelegate.swift in Sources */ = {isa = PBXBuildFile; fileRef = DB290FA226CBFE6000874F84 /* SceneDelegate.swift */; };
		DB290FA526CBFE6000874F84 /* ContentView.swift in Sources */ = {isa = PBXBuildFile; fileRef = DB290FA426CBFE6000874F84 /* ContentView.swift */; };
		DB290FA726CBFE6200874F84 /* Assets.xcassets in Resources */ = {isa = PBXBuildFile; fileRef = DB290FA626CBFE6200874F84 /* Assets.xcassets */; };
		DB290FAA26CBFE6200874F84 /* Preview Assets.xcassets in Resources */ = {isa = PBXBuildFile; fileRef = DB290FA926CBFE6200874F84 /* Preview Assets.xcassets */; };
		DB290FAD26CBFE6200874F84 /* LaunchScreen.storyboard in Resources */ = {isa = PBXBuildFile; fileRef = DB290FAB26CBFE6200874F84 /* LaunchScreen.storyboard */; };
		DB290FB826CBFE6200874F84 /* H4X0R_NewsTests.swift in Sources */ = {isa = PBXBuildFile; fileRef = DB290FB726CBFE6200874F84 /* H4X0R_NewsTests.swift */; };
		DB290FC326CBFE6200874F84 /* H4X0R_NewsUITests.swift in Sources */ = {isa = PBXBuildFile; fileRef = DB290FC226CBFE6200874F84 /* H4X0R_NewsUITests.swift */; };
		DB290FD226CC017D00874F84 /* NetworkManager.swift in Sources */ = {isa = PBXBuildFile; fileRef = DB290FD126CC017D00874F84 /* NetworkManager.swift */; };
		DB290FD426CC032100874F84 /* PostData.swift in Sources */ = {isa = PBXBuildFile; fileRef = DB290FD326CC032100874F84 /* PostData.swift */; };
		DB290FD726CC0DA800874F84 /* DetailView.swift in Sources */ = {isa = PBXBuildFile; fileRef = DB290FD626CC0DA800874F84 /* DetailView.swift */; };
/* End PBXBuildFile section */

/* Begin PBXContainerItemProxy section */
		DB290FB426CBFE6200874F84 /* PBXContainerItemProxy */ = {
			isa = PBXContainerItemProxy;
			containerPortal = DB290F9526CBFE6000874F84 /* Project object */;
			proxyType = 1;
			remoteGlobalIDString = DB290F9C26CBFE6000874F84;
			remoteInfo = "H4X0R News";
		};
		DB290FBF26CBFE6200874F84 /* PBXContainerItemProxy */ = {
			isa = PBXContainerItemProxy;
			containerPortal = DB290F9526CBFE6000874F84 /* Project object */;
			proxyType = 1;
			remoteGlobalIDString = DB290F9C26CBFE6000874F84;
			remoteInfo = "H4X0R News";
		};
/* End PBXContainerItemProxy section */

/* Begin PBXFileReference section */
		DB290F9D26CBFE6000874F84 /* H4X0R News.app */ = {isa = PBXFileReference; explicitFileType = wrapper.application; includeInIndex = 0; path = "H4X0R News.app"; sourceTree = BUILT_PRODUCTS_DIR; };
		DB290FA026CBFE6000874F84 /* AppDelegate.swift */ = {isa = PBXFileReference; lastKnownFileType = sourcecode.swift; path = AppDelegate.swift; sourceTree = "<group>"; };
		DB290FA226CBFE6000874F84 /* SceneDelegate.swift */ = {isa = PBXFileReference; lastKnownFileType = sourcecode.swift; path = SceneDelegate.swift; sourceTree = "<group>"; };
		DB290FA426CBFE6000874F84 /* ContentView.swift */ = {isa = PBXFileReference; lastKnownFileType = sourcecode.swift; path = ContentView.swift; sourceTree = "<group>"; };
		DB290FA626CBFE6200874F84 /* Assets.xcassets */ = {isa = PBXFileReference; lastKnownFileType = folder.assetcatalog; path = Assets.xcassets; sourceTree = "<group>"; };
		DB290FA926CBFE6200874F84 /* Preview Assets.xcassets */ = {isa = PBXFileReference; lastKnownFileType = folder.assetcatalog; path = "Preview Assets.xcassets"; sourceTree = "<group>"; };
		DB290FAC26CBFE6200874F84 /* Base */ = {isa = PBXFileReference; lastKnownFileType = file.storyboard; name = Base; path = Base.lproj/LaunchScreen.storyboard; sourceTree = "<group>"; };
		DB290FAE26CBFE6200874F84 /* Info.plist */ = {isa = PBXFileReference; lastKnownFileType = text.plist.xml; path = Info.plist; sourceTree = "<group>"; };
		DB290FB326CBFE6200874F84 /* H4X0R NewsTests.xctest */ = {isa = PBXFileReference; explicitFileType = wrapper.cfbundle; includeInIndex = 0; path = "H4X0R NewsTests.xctest"; sourceTree = BUILT_PRODUCTS_DIR; };
		DB290FB726CBFE6200874F84 /* H4X0R_NewsTests.swift */ = {isa = PBXFileReference; lastKnownFileType = sourcecode.swift; path = H4X0R_NewsTests.swift; sourceTree = "<group>"; };
		DB290FB926CBFE6200874F84 /* Info.plist */ = {isa = PBXFileReference; lastKnownFileType = text.plist.xml; path = Info.plist; sourceTree = "<group>"; };
		DB290FBE26CBFE6200874F84 /* H4X0R NewsUITests.xctest */ = {isa = PBXFileReference; explicitFileType = wrapper.cfbundle; includeInIndex = 0; path = "H4X0R NewsUITests.xctest"; sourceTree = BUILT_PRODUCTS_DIR; };
		DB290FC226CBFE6200874F84 /* H4X0R_NewsUITests.swift */ = {isa = PBXFileReference; lastKnownFileType = sourcecode.swift; path = H4X0R_NewsUITests.swift; sourceTree = "<group>"; };
		DB290FC426CBFE6200874F84 /* Info.plist */ = {isa = PBXFileReference; lastKnownFileType = text.plist.xml; path = Info.plist; sourceTree = "<group>"; };
		DB290FD126CC017D00874F84 /* NetworkManager.swift */ = {isa = PBXFileReference; lastKnownFileType = sourcecode.swift; path = NetworkManager.swift; sourceTree = "<group>"; };
		DB290FD326CC032100874F84 /* PostData.swift */ = {isa = PBXFileReference; lastKnownFileType = sourcecode.swift; path = PostData.swift; sourceTree = "<group>"; };
		DB290FD626CC0DA800874F84 /* DetailView.swift */ = {isa = PBXFileReference; lastKnownFileType = sourcecode.swift; path = DetailView.swift; sourceTree = "<group>"; };
/* End PBXFileReference section */

/* Begin PBXFrameworksBuildPhase section */
		DB290F9A26CBFE6000874F84 /* Frameworks */ = {
			isa = PBXFrameworksBuildPhase;
			buildActionMask = 2147483647;
			files = (
			);
			runOnlyForDeploymentPostprocessing = 0;
		};
		DB290FB026CBFE6200874F84 /* Frameworks */ = {
			isa = PBXFrameworksBuildPhase;
			buildActionMask = 2147483647;
			files = (
			);
			runOnlyForDeploymentPostprocessing = 0;
		};
		DB290FBB26CBFE6200874F84 /* Frameworks */ = {
			isa = PBXFrameworksBuildPhase;
			buildActionMask = 2147483647;
			files = (
			);
			runOnlyForDeploymentPostprocessing = 0;
		};
/* End PBXFrameworksBuildPhase section */

/* Begin PBXGroup section */
		DB290F9426CBFE6000874F84 = {
			isa = PBXGroup;
			children = (
				DB290F9F26CBFE6000874F84 /* H4X0R News */,
				DB290FB626CBFE6200874F84 /* H4X0R NewsTests */,
				DB290FC126CBFE6200874F84 /* H4X0R NewsUITests */,
				DB290F9E26CBFE6000874F84 /* Products */,
			);
			sourceTree = "<group>";
		};
		DB290F9E26CBFE6000874F84 /* Products */ = {
			isa = PBXGroup;
			children = (
				DB290F9D26CBFE6000874F84 /* H4X0R News.app */,
				DB290FB326CBFE6200874F84 /* H4X0R NewsTests.xctest */,
				DB290FBE26CBFE6200874F84 /* H4X0R NewsUITests.xctest */,
			);
			name = Products;
			sourceTree = "<group>";
		};
		DB290F9F26CBFE6000874F84 /* H4X0R News */ = {
			isa = PBXGroup;
			children = (
				DB290FD026CC016900874F84 /* Model */,
				DB290FA026CBFE6000874F84 /* AppDelegate.swift */,
				DB290FA226CBFE6000874F84 /* SceneDelegate.swift */,
				DB290FD526CC0D8B00874F84 /* Views */,
				DB290FA626CBFE6200874F84 /* Assets.xcassets */,
				DB290FAB26CBFE6200874F84 /* LaunchScreen.storyboard */,
				DB290FAE26CBFE6200874F84 /* Info.plist */,
				DB290FA826CBFE6200874F84 /* Preview Content */,
			);
			path = "H4X0R News";
			sourceTree = "<group>";
		};
		DB290FA826CBFE6200874F84 /* Preview Content */ = {
			isa = PBXGroup;
			children = (
				DB290FA926CBFE6200874F84 /* Preview Assets.xcassets */,
			);
			path = "Preview Content";
			sourceTree = "<group>";
		};
		DB290FB626CBFE6200874F84 /* H4X0R NewsTests */ = {
			isa = PBXGroup;
			children = (
				DB290FB726CBFE6200874F84 /* H4X0R_NewsTests.swift */,
				DB290FB926CBFE6200874F84 /* Info.plist */,
			);
			path = "H4X0R NewsTests";
			sourceTree = "<group>";
		};
		DB290FC126CBFE6200874F84 /* H4X0R NewsUITests */ = {
			isa = PBXGroup;
			children = (
				DB290FC226CBFE6200874F84 /* H4X0R_NewsUITests.swift */,
				DB290FC426CBFE6200874F84 /* Info.plist */,
			);
			path = "H4X0R NewsUITests";
			sourceTree = "<group>";
		};
		DB290FD026CC016900874F84 /* Model */ = {
			isa = PBXGroup;
			children = (
				DB290FD126CC017D00874F84 /* NetworkManager.swift */,
				DB290FD326CC032100874F84 /* PostData.swift */,
			);
			path = Model;
			sourceTree = "<group>";
		};
		DB290FD526CC0D8B00874F84 /* Views */ = {
			isa = PBXGroup;
			children = (
				DB290FA426CBFE6000874F84 /* ContentView.swift */,
				DB290FD626CC0DA800874F84 /* DetailView.swift */,
			);
			path = Views;
			sourceTree = "<group>";
		};
/* End PBXGroup section */

/* Begin PBXNativeTarget section */
		DB290F9C26CBFE6000874F84 /* H4X0R News */ = {
			isa = PBXNativeTarget;
			buildConfigurationList = DB290FC726CBFE6200874F84 /* Build configuration list for PBXNativeTarget "H4X0R News" */;
			buildPhases = (
				DB290F9926CBFE6000874F84 /* Sources */,
				DB290F9A26CBFE6000874F84 /* Frameworks */,
				DB290F9B26CBFE6000874F84 /* Resources */,
			);
			buildRules = (
			);
			dependencies = (
			);
			name = "H4X0R News";
			productName = "H4X0R News";
			productReference = DB290F9D26CBFE6000874F84 /* H4X0R News.app */;
			productType = "com.apple.product-type.application";
		};
		DB290FB226CBFE6200874F84 /* H4X0R NewsTests */ = {
			isa = PBXNativeTarget;
			buildConfigurationList = DB290FCA26CBFE6200874F84 /* Build configuration list for PBXNativeTarget "H4X0R NewsTests" */;
			buildPhases = (
				DB290FAF26CBFE6200874F84 /* Sources */,
				DB290FB026CBFE6200874F84 /* Frameworks */,
				DB290FB126CBFE6200874F84 /* Resources */,
			);
			buildRules = (
			);
			dependencies = (
				DB290FB526CBFE6200874F84 /* PBXTargetDependency */,
			);
			name = "H4X0R NewsTests";
			productName = "H4X0R NewsTests";
			productReference = DB290FB326CBFE6200874F84 /* H4X0R NewsTests.xctest */;
			productType = "com.apple.product-type.bundle.unit-test";
		};
		DB290FBD26CBFE6200874F84 /* H4X0R NewsUITests */ = {
			isa = PBXNativeTarget;
			buildConfigurationList = DB290FCD26CBFE6200874F84 /* Build configuration list for PBXNativeTarget "H4X0R NewsUITests" */;
			buildPhases = (
				DB290FBA26CBFE6200874F84 /* Sources */,
				DB290FBB26CBFE6200874F84 /* Frameworks */,
				DB290FBC26CBFE6200874F84 /* Resources */,
			);
			buildRules = (
			);
			dependencies = (
				DB290FC026CBFE6200874F84 /* PBXTargetDependency */,
			);
			name = "H4X0R NewsUITests";
			productName = "H4X0R NewsUITests";
			productReference = DB290FBE26CBFE6200874F84 /* H4X0R NewsUITests.xctest */;
			productType = "com.apple.product-type.bundle.ui-testing";
		};
/* End PBXNativeTarget section */

/* Begin PBXProject section */
		DB290F9526CBFE6000874F84 /* Project object */ = {
			isa = PBXProject;
			attributes = {
				LastSwiftUpdateCheck = 1250;
				LastUpgradeCheck = 1250;
				TargetAttributes = {
					DB290F9C26CBFE6000874F84 = {
						CreatedOnToolsVersion = 12.5;
					};
					DB290FB226CBFE6200874F84 = {
						CreatedOnToolsVersion = 12.5;
						TestTargetID = DB290F9C26CBFE6000874F84;
					};
					DB290FBD26CBFE6200874F84 = {
						CreatedOnToolsVersion = 12.5;
						TestTargetID = DB290F9C26CBFE6000874F84;
					};
				};
			};
			buildConfigurationList = DB290F9826CBFE6000874F84 /* Build configuration list for PBXProject "H4X0R News" */;
			compatibilityVersion = "Xcode 9.3";
			developmentRegion = en;
			hasScannedForEncodings = 0;
			knownRegions = (
				en,
				Base,
			);
			mainGroup = DB290F9426CBFE6000874F84;
			productRefGroup = DB290F9E26CBFE6000874F84 /* Products */;
			projectDirPath = "";
			projectRoot = "";
			targets = (
				DB290F9C26CBFE6000874F84 /* H4X0R News */,
				DB290FB226CBFE6200874F84 /* H4X0R NewsTests */,
				DB290FBD26CBFE6200874F84 /* H4X0R NewsUITests */,
			);
		};
/* End PBXProject section */

/* Begin PBXResourcesBuildPhase section */
		DB290F9B26CBFE6000874F84 /* Resources */ = {
			isa = PBXResourcesBuildPhase;
			buildActionMask = 2147483647;
			files = (
				DB290FAD26CBFE6200874F84 /* LaunchScreen.storyboard in Resources */,
				DB290FAA26CBFE6200874F84 /* Preview Assets.xcassets in Resources */,
				DB290FA726CBFE6200874F84 /* Assets.xcassets in Resources */,
			);
			runOnlyForDeploymentPostprocessing = 0;
		};
		DB290FB126CBFE6200874F84 /* Resources */ = {
			isa = PBXResourcesBuildPhase;
			buildActionMask = 2147483647;
			files = (
			);
			runOnlyForDeploymentPostprocessing = 0;
		};
		DB290FBC26CBFE6200874F84 /* Resources */ = {
			isa = PBXResourcesBuildPhase;
			buildActionMask = 2147483647;
			files = (
			);
			runOnlyForDeploymentPostprocessing = 0;
		};
/* End PBXResourcesBuildPhase section */

/* Begin PBXSourcesBuildPhase section */
		DB290F9926CBFE6000874F84 /* Sources */ = {
			isa = PBXSourcesBuildPhase;
			buildActionMask = 2147483647;
			files = (
				DB290FD426CC032100874F84 /* PostData.swift in Sources */,
				DB290FD726CC0DA800874F84 /* DetailView.swift in Sources */,
				DB290FD226CC017D00874F84 /* NetworkManager.swift in Sources */,
				DB290FA126CBFE6000874F84 /* AppDelegate.swift in Sources */,
				DB290FA326CBFE6000874F84 /* SceneDelegate.swift in Sources */,
				DB290FA526CBFE6000874F84 /* ContentView.swift in Sources */,
			);
			runOnlyForDeploymentPostprocessing = 0;
		};
		DB290FAF26CBFE6200874F84 /* Sources */ = {
			isa = PBXSourcesBuildPhase;
			buildActionMask = 2147483647;
			files = (
				DB290FB826CBFE6200874F84 /* H4X0R_NewsTests.swift in Sources */,
			);
			runOnlyForDeploymentPostprocessing = 0;
		};
		DB290FBA26CBFE6200874F84 /* Sources */ = {
			isa = PBXSourcesBuildPhase;
			buildActionMask = 2147483647;
			files = (
				DB290FC326CBFE6200874F84 /* H4X0R_NewsUITests.swift in Sources */,
			);
			runOnlyForDeploymentPostprocessing = 0;
		};
/* End PBXSourcesBuildPhase section */

/* Begin PBXTargetDependency section */
		DB290FB526CBFE6200874F84 /* PBXTargetDependency */ = {
			isa = PBXTargetDependency;
			target = DB290F9C26CBFE6000874F84 /* H4X0R News */;
			targetProxy = DB290FB426CBFE6200874F84 /* PBXContainerItemProxy */;
		};
		DB290FC026CBFE6200874F84 /* PBXTargetDependency */ = {
			isa = PBXTargetDependency;
			target = DB290F9C26CBFE6000874F84 /* H4X0R News */;
			targetProxy = DB290FBF26CBFE6200874F84 /* PBXContainerItemProxy */;
		};
/* End PBXTargetDependency section */

/* Begin PBXVariantGroup section */
		DB290FAB26CBFE6200874F84 /* LaunchScreen.storyboard */ = {
			isa = PBXVariantGroup;
			children = (
				DB290FAC26CBFE6200874F84 /* Base */,
			);
			name = LaunchScreen.storyboard;
			sourceTree = "<group>";
		};
/* End PBXVariantGroup section */

/* Begin XCBuildConfiguration section */
		DB290FC526CBFE6200874F84 /* Debug */ = {
			isa = XCBuildConfiguration;
			buildSettings = {
				ALWAYS_SEARCH_USER_PATHS = NO;
				CLANG_ANALYZER_NONNULL = YES;
				CLANG_ANALYZER_NUMBER_OBJECT_CONVERSION = YES_AGGRESSIVE;
				CLANG_CXX_LANGUAGE_STANDARD = "gnu++14";
				CLANG_CXX_LIBRARY = "libc++";
				CLANG_ENABLE_MODULES = YES;
				CLANG_ENABLE_OBJC_ARC = YES;
				CLANG_ENABLE_OBJC_WEAK = YES;
				CLANG_WARN_BLOCK_CAPTURE_AUTORELEASING = YES;
				CLANG_WARN_BOOL_CONVERSION = YES;
				CLANG_WARN_COMMA = YES;
				CLANG_WARN_CONSTANT_CONVERSION = YES;
				CLANG_WARN_DEPRECATED_OBJC_IMPLEMENTATIONS = YES;
				CLANG_WARN_DIRECT_OBJC_ISA_USAGE = YES_ERROR;
				CLANG_WARN_DOCUMENTATION_COMMENTS = YES;
				CLANG_WARN_EMPTY_BODY = YES;
				CLANG_WARN_ENUM_CONVERSION = YES;
				CLANG_WARN_INFINITE_RECURSION = YES;
				CLANG_WARN_INT_CONVERSION = YES;
				CLANG_WARN_NON_LITERAL_NULL_CONVERSION = YES;
				CLANG_WARN_OBJC_IMPLICIT_RETAIN_SELF = YES;
				CLANG_WARN_OBJC_LITERAL_CONVERSION = YES;
				CLANG_WARN_OBJC_ROOT_CLASS = YES_ERROR;
				CLANG_WARN_QUOTED_INCLUDE_IN_FRAMEWORK_HEADER = YES;
				CLANG_WARN_RANGE_LOOP_ANALYSIS = YES;
				CLANG_WARN_STRICT_PROTOTYPES = YES;
				CLANG_WARN_SUSPICIOUS_MOVE = YES;
				CLANG_WARN_UNGUARDED_AVAILABILITY = YES_AGGRESSIVE;
				CLANG_WARN_UNREACHABLE_CODE = YES;
				CLANG_WARN__DUPLICATE_METHOD_MATCH = YES;
				COPY_PHASE_STRIP = NO;
				DEBUG_INFORMATION_FORMAT = dwarf;
				ENABLE_STRICT_OBJC_MSGSEND = YES;
				ENABLE_TESTABILITY = YES;
				GCC_C_LANGUAGE_STANDARD = gnu11;
				GCC_DYNAMIC_NO_PIC = NO;
				GCC_NO_COMMON_BLOCKS = YES;
				GCC_OPTIMIZATION_LEVEL = 0;
				GCC_PREPROCESSOR_DEFINITIONS = (
					"DEBUG=1",
					"$(inherited)",
				);
				GCC_WARN_64_TO_32_BIT_CONVERSION = YES;
				GCC_WARN_ABOUT_RETURN_TYPE = YES_ERROR;
				GCC_WARN_UNDECLARED_SELECTOR = YES;
				GCC_WARN_UNINITIALIZED_AUTOS = YES_AGGRESSIVE;
				GCC_WARN_UNUSED_FUNCTION = YES;
				GCC_WARN_UNUSED_VARIABLE = YES;
				IPHONEOS_DEPLOYMENT_TARGET = 14.5;
				MTL_ENABLE_DEBUG_INFO = INCLUDE_SOURCE;
				MTL_FAST_MATH = YES;
				ONLY_ACTIVE_ARCH = YES;
				SDKROOT = iphoneos;
				SWIFT_ACTIVE_COMPILATION_CONDITIONS = DEBUG;
				SWIFT_OPTIMIZATION_LEVEL = "-Onone";
			};
			name = Debug;
		};
		DB290FC626CBFE6200874F84 /* Release */ = {
			isa = XCBuildConfiguration;
			buildSettings = {
				ALWAYS_SEARCH_USER_PATHS = NO;
				CLANG_ANALYZER_NONNULL = YES;
				CLANG_ANALYZER_NUMBER_OBJECT_CONVERSION = YES_AGGRESSIVE;
				CLANG_CXX_LANGUAGE_STANDARD = "gnu++14";
				CLANG_CXX_LIBRARY = "libc++";
				CLANG_ENABLE_MODULES = YES;
				CLANG_ENABLE_OBJC_ARC = YES;
				CLANG_ENABLE_OBJC_WEAK = YES;
				CLANG_WARN_BLOCK_CAPTURE_AUTORELEASING = YES;
				CLANG_WARN_BOOL_CONVERSION = YES;
				CLANG_WARN_COMMA = YES;
				CLANG_WARN_CONSTANT_CONVERSION = YES;
				CLANG_WARN_DEPRECATED_OBJC_IMPLEMENTATIONS = YES;
				CLANG_WARN_DIRECT_OBJC_ISA_USAGE = YES_ERROR;
				CLANG_WARN_DOCUMENTATION_COMMENTS = YES;
				CLANG_WARN_EMPTY_BODY = YES;
				CLANG_WARN_ENUM_CONVERSION = YES;
				CLANG_WARN_INFINITE_RECURSION = YES;
				CLANG_WARN_INT_CONVERSION = YES;
				CLANG_WARN_NON_LITERAL_NULL_CONVERSION = YES;
				CLANG_WARN_OBJC_IMPLICIT_RETAIN_SELF = YES;
				CLANG_WARN_OBJC_LITERAL_CONVERSION = YES;
				CLANG_WARN_OBJC_ROOT_CLASS = YES_ERROR;
				CLANG_WARN_QUOTED_INCLUDE_IN_FRAMEWORK_HEADER = YES;
				CLANG_WARN_RANGE_LOOP_ANALYSIS = YES;
				CLANG_WARN_STRICT_PROTOTYPES = YES;
				CLANG_WARN_SUSPICIOUS_MOVE = YES;
				CLANG_WARN_UNGUARDED_AVAILABILITY = YES_AGGRESSIVE;
				CLANG_WARN_UNREACHABLE_CODE = YES;
				CLANG_WARN__DUPLICATE_METHOD_MATCH = YES;
				COPY_PHASE_STRIP = NO;
				DEBUG_INFORMATION_FORMAT = "dwarf-with-dsym";
				ENABLE_NS_ASSERTIONS = NO;
				ENABLE_STRICT_OBJC_MSGSEND = YES;
				GCC_C_LANGUAGE_STANDARD = gnu11;
				GCC_NO_COMMON_BLOCKS = YES;
				GCC_WARN_64_TO_32_BIT_CONVERSION = YES;
				GCC_WARN_ABOUT_RETURN_TYPE = YES_ERROR;
				GCC_WARN_UNDECLARED_SELECTOR = YES;
				GCC_WARN_UNINITIALIZED_AUTOS = YES_AGGRESSIVE;
				GCC_WARN_UNUSED_FUNCTION = YES;
				GCC_WARN_UNUSED_VARIABLE = YES;
				IPHONEOS_DEPLOYMENT_TARGET = 14.5;
				MTL_ENABLE_DEBUG_INFO = NO;
				MTL_FAST_MATH = YES;
				SDKROOT = iphoneos;
				SWIFT_COMPILATION_MODE = wholemodule;
				SWIFT_OPTIMIZATION_LEVEL = "-O";
				VALIDATE_PRODUCT = YES;
			};
			name = Release;
		};
		DB290FC826CBFE6200874F84 /* Debug */ = {
			isa = XCBuildConfiguration;
			buildSettings = {
				ASSETCATALOG_COMPILER_APPICON_NAME = AppIcon;
				ASSETCATALOG_COMPILER_GLOBAL_ACCENT_COLOR_NAME = AccentColor;
				CODE_SIGN_STYLE = Automatic;
				DEVELOPMENT_ASSET_PATHS = "\"H4X0R News/Preview Content\"";
				ENABLE_PREVIEWS = YES;
				INFOPLIST_FILE = "H4X0R News/Info.plist";
				LD_RUNPATH_SEARCH_PATHS = (
					"$(inherited)",
					"@executable_path/Frameworks",
				);
				PRODUCT_BUNDLE_IDENTIFIER = "devang.H4X0R-News";
				PRODUCT_NAME = "$(TARGET_NAME)";
				SWIFT_VERSION = 5.0;
				TARGETED_DEVICE_FAMILY = "1,2";
			};
			name = Debug;
		};
		DB290FC926CBFE6200874F84 /* Release */ = {
			isa = XCBuildConfiguration;
			buildSettings = {
				ASSETCATALOG_COMPILER_APPICON_NAME = AppIcon;
				ASSETCATALOG_COMPILER_GLOBAL_ACCENT_COLOR_NAME = AccentColor;
				CODE_SIGN_STYLE = Automatic;
				DEVELOPMENT_ASSET_PATHS = "\"H4X0R News/Preview Content\"";
				ENABLE_PREVIEWS = YES;
				INFOPLIST_FILE = "H4X0R News/Info.plist";
				LD_RUNPATH_SEARCH_PATHS = (
					"$(inherited)",
					"@executable_path/Frameworks",
				);
				PRODUCT_BUNDLE_IDENTIFIER = "devang.H4X0R-News";
				PRODUCT_NAME = "$(TARGET_NAME)";
				SWIFT_VERSION = 5.0;
				TARGETED_DEVICE_FAMILY = "1,2";
			};
			name = Release;
		};
		DB290FCB26CBFE6200874F84 /* Debug */ = {
			isa = XCBuildConfiguration;
			buildSettings = {
				ALWAYS_EMBED_SWIFT_STANDARD_LIBRARIES = YES;
				BUNDLE_LOADER = "$(TEST_HOST)";
				CODE_SIGN_STYLE = Automatic;
				INFOPLIST_FILE = "H4X0R NewsTests/Info.plist";
				IPHONEOS_DEPLOYMENT_TARGET = 14.5;
				LD_RUNPATH_SEARCH_PATHS = (
					"$(inherited)",
					"@executable_path/Frameworks",
					"@loader_path/Frameworks",
				);
				PRODUCT_BUNDLE_IDENTIFIER = "devang.H4X0R-NewsTests";
				PRODUCT_NAME = "$(TARGET_NAME)";
				SWIFT_VERSION = 5.0;
				TARGETED_DEVICE_FAMILY = "1,2";
				TEST_HOST = "$(BUILT_PRODUCTS_DIR)/H4X0R News.app/H4X0R News";
			};
			name = Debug;
		};
		DB290FCC26CBFE6200874F84 /* Release */ = {
			isa = XCBuildConfiguration;
			buildSettings = {
				ALWAYS_EMBED_SWIFT_STANDARD_LIBRARIES = YES;
				BUNDLE_LOADER = "$(TEST_HOST)";
				CODE_SIGN_STYLE = Automatic;
				INFOPLIST_FILE = "H4X0R NewsTests/Info.plist";
				IPHONEOS_DEPLOYMENT_TARGET = 14.5;
				LD_RUNPATH_SEARCH_PATHS = (
					"$(inherited)",
					"@executable_path/Frameworks",
					"@loader_path/Frameworks",
				);
				PRODUCT_BUNDLE_IDENTIFIER = "devang.H4X0R-NewsTests";
				PRODUCT_NAME = "$(TARGET_NAME)";
				SWIFT_VERSION = 5.0;
				TARGETED_DEVICE_FAMILY = "1,2";
				TEST_HOST = "$(BUILT_PRODUCTS_DIR)/H4X0R News.app/H4X0R News";
			};
			name = Release;
		};
		DB290FCE26CBFE6200874F84 /* Debug */ = {
			isa = XCBuildConfiguration;
			buildSettings = {
				ALWAYS_EMBED_SWIFT_STANDARD_LIBRARIES = YES;
				CODE_SIGN_STYLE = Automatic;
				INFOPLIST_FILE = "H4X0R NewsUITests/Info.plist";
				LD_RUNPATH_SEARCH_PATHS = (
					"$(inherited)",
					"@executable_path/Frameworks",
					"@loader_path/Frameworks",
				);
				PRODUCT_BUNDLE_IDENTIFIER = "devang.H4X0R-NewsUITests";
				PRODUCT_NAME = "$(TARGET_NAME)";
				SWIFT_VERSION = 5.0;
				TARGETED_DEVICE_FAMILY = "1,2";
				TEST_TARGET_NAME = "H4X0R News";
			};
			name = Debug;
		};
		DB290FCF26CBFE6200874F84 /* Release */ = {
			isa = XCBuildConfiguration;
			buildSettings = {
				ALWAYS_EMBED_SWIFT_STANDARD_LIBRARIES = YES;
				CODE_SIGN_STYLE = Automatic;
				INFOPLIST_FILE = "H4X0R NewsUITests/Info.plist";
				LD_RUNPATH_SEARCH_PATHS = (
					"$(inherited)",
					"@executable_path/Frameworks",
					"@loader_path/Frameworks",
				);
				PRODUCT_BUNDLE_IDENTIFIER = "devang.H4X0R-NewsUITests";
				PRODUCT_NAME = "$(TARGET_NAME)";
				SWIFT_VERSION = 5.0;
				TARGETED_DEVICE_FAMILY = "1,2";
				TEST_TARGET_NAME = "H4X0R News";
			};
			name = Release;
		};
/* End XCBuildConfiguration section */

/* Begin XCConfigurationList section */
		DB290F9826CBFE6000874F84 /* Build configuration list for PBXProject "H4X0R News" */ = {
			isa = XCConfigurationList;
			buildConfigurations = (
				DB290FC526CBFE6200874F84 /* Debug */,
				DB290FC626CBFE6200874F84 /* Release */,
			);
			defaultConfigurationIsVisible = 0;
			defaultConfigurationName = Release;
		};
		DB290FC726CBFE6200874F84 /* Build configuration list for PBXNativeTarget "H4X0R News" */ = {
			isa = XCConfigurationList;
			buildConfigurations = (
				DB290FC826CBFE6200874F84 /* Debug */,
				DB290FC926CBFE6200874F84 /* Release */,
			);
			defaultConfigurationIsVisible = 0;
			defaultConfigurationName = Release;
		};
		DB290FCA26CBFE6200874F84 /* Build configuration list for PBXNativeTarget "H4X0R NewsTests" */ = {
			isa = XCConfigurationList;
			buildConfigurations = (
				DB290FCB26CBFE6200874F84 /* Debug */,
				DB290FCC26CBFE6200874F84 /* Release */,
			);
			defaultConfigurationIsVisible = 0;
			defaultConfigurationName = Release;
		};
		DB290FCD26CBFE6200874F84 /* Build configuration list for PBXNativeTarget "H4X0R NewsUITests" */ = {
			isa = XCConfigurationList;
			buildConfigurations = (
				DB290FCE26CBFE6200874F84 /* Debug */,
				DB290FCF26CBFE6200874F84 /* Release */,
			);
			defaultConfigurationIsVisible = 0;
			defaultConfigurationName = Release;
		};
/* End XCConfigurationList section */
	};
	rootObject = DB290F9526CBFE6000874F84 /* Project object */;
}
